
Microsoft Visual Studio Solution File, Format Version 12.00
# Visual Studio Version 17
VisualStudioVersion = 17.5.33530.505
MinimumVisualStudioVersion = 10.0.40219.1
Project("{2150E333-8FDC-42A3-9474-1A3956D46DE8}") = "Metadata", "Metadata", "{3A26DDA8-2697-4D64-962B-DB9E2DC00EF6}"
	ProjectSection(SolutionItems) = preProject
		manifest.json = manifest.json
		README.md = README.md
	EndProjectSection
EndProject
Project("{9A19103F-16F7-4668-BE54-9A1E7A4F7556}") = "Tweak", "btptweak\Tweak.csproj", "{6C15F36D-2A89-4220-A947-ABAD75BC584C}"
EndProject
Project("{2150E333-8FDC-42A3-9474-1A3956D46DE8}") = "Solution Items", "Solution Items", "{4671615E-2F2B-41C2-804F-52A2DB3B62BC}"
	ProjectSection(SolutionItems) = preProject
		.editorconfig = .editorconfig
	EndProjectSection
EndProject
Project("{FAE04EC0-301F-11D3-BF4B-00C04F79EFBC}") = "AncientScepter", "..\..\0_edit_tools\AncientScepter\AncientScepter\AncientScepter.csproj", "{806C6FE4-C706-2412-74DE-0345E7676B3C}"
EndProject
Global
	GlobalSection(SolutionConfigurationPlatforms) = preSolution
		Debug|Any CPU = Debug|Any CPU
		Release|Any CPU = Release|Any CPU
	EndGlobalSection
	GlobalSection(ProjectConfigurationPlatforms) = postSolution
		{6C15F36D-2A89-4220-A947-ABAD75BC584C}.Debug|Any CPU.ActiveCfg = Debug|Any CPU
		{6C15F36D-2A89-4220-A947-ABAD75BC584C}.Debug|Any CPU.Build.0 = Debug|Any CPU
		{6C15F36D-2A89-4220-A947-ABAD75BC584C}.Release|Any CPU.ActiveCfg = Release|Any CPU
		{6C15F36D-2A89-4220-A947-ABAD75BC584C}.Release|Any CPU.Build.0 = Release|Any CPU
		{806C6FE4-C706-2412-74DE-0345E7676B3C}.Debug|Any CPU.ActiveCfg = Debug|Any CPU
		{806C6FE4-C706-2412-74DE-0345E7676B3C}.Debug|Any CPU.Build.0 = Debug|Any CPU
		{806C6FE4-C706-2412-74DE-0345E7676B3C}.Release|Any CPU.ActiveCfg = Release|Any CPU
		{806C6FE4-C706-2412-74DE-0345E7676B3C}.Release|Any CPU.Build.0 = Release|Any CPU
	EndGlobalSection
	GlobalSection(SolutionProperties) = preSolution
		HideSolutionNode = FALSE
	EndGlobalSection
	GlobalSection(ExtensibilityGlobals) = postSolution
		SolutionGuid = {25394121-1456-4FD9-A853-060A4DBBB74C}
	EndGlobalSection
EndGlobal
